
Microsoft Visual Studio Solution File, Format Version 12.00
# Visual Studio Version 16
VisualStudioVersion = 16.0.31321.278
MinimumVisualStudioVersion = 10.0.40219.1
Project("{FAE04EC0-301F-11D3-BF4B-00C04F79EFBC}") = "ZBudget", "ZBudget.csproj", "{1AE87DFE-1651-437F-B930-89090D8D0F9B}"
EndProject
Global
	GlobalSection(SolutionConfigurationPlatforms) = preSolution
		Debug|Any CPU = Debug|Any CPU
		Release|Any CPU = Release|Any CPU
	EndGlobalSection
	GlobalSection(ProjectConfigurationPlatforms) = postSolution
		{1AE87DFE-1651-437F-B930-89090D8D0F9B}.Debug|Any CPU.ActiveCfg = Debug|Any CPU
		{1AE87DFE-1651-437F-B930-89090D8D0F9B}.Debug|Any CPU.Build.0 = Debug|Any CPU
		{1AE87DFE-1651-437F-B930-89090D8D0F9B}.Release|Any CPU.ActiveCfg = Release|Any CPU
		{1AE87DFE-1651-437F-B930-89090D8D0F9B}.Release|Any CPU.Build.0 = Release|Any CPU
	EndGlobalSection
	GlobalSection(SolutionProperties) = preSolution
		HideSolutionNode = FALSE
	EndGlobalSection
	GlobalSection(ExtensibilityGlobals) = postSolution
		SolutionGuid = {AE6E6DD8-C4E3-4184-BE76-4BDDF878F0BC}
	EndGlobalSection
EndGlobal
